
Microsoft Visual Studio Solution File, Format Version 12.00
# Visual Studio Version 16
VisualStudioVersion = 16.0.31624.102
MinimumVisualStudioVersion = 10.0.40219.1
Project("{FAE04EC0-301F-11D3-BF4B-00C04F79EFBC}") = "Projet-1-Shell", "Projet-1-Shell\Projet-1-Shell.csproj", "{153EB6D6-2432-49FA-9129-BBB4023BC8C2}"
EndProject
Global
	GlobalSection(SolutionConfigurationPlatforms) = preSolution
		Debug|Any CPU = Debug|Any CPU
		Release|Any CPU = Release|Any CPU
	EndGlobalSection
	GlobalSection(ProjectConfigurationPlatforms) = postSolution
		{153EB6D6-2432-49FA-9129-BBB4023BC8C2}.Debug|Any CPU.ActiveCfg = Debug|Any CPU
		{153EB6D6-2432-49FA-9129-BBB4023BC8C2}.Debug|Any CPU.Build.0 = Debug|Any CPU
		{153EB6D6-2432-49FA-9129-BBB4023BC8C2}.Release|Any CPU.ActiveCfg = Release|Any CPU
		{153EB6D6-2432-49FA-9129-BBB4023BC8C2}.Release|Any CPU.Build.0 = Release|Any CPU
	EndGlobalSection
	GlobalSection(SolutionProperties) = preSolution
		HideSolutionNode = FALSE
	EndGlobalSection
	GlobalSection(ExtensibilityGlobals) = postSolution
		SolutionGuid = {E0B5F3B1-D5D1-419E-B38D-FE2B68CE71BC}
	EndGlobalSection
EndGlobal
